
Microsoft Visual Studio Solution File, Format Version 12.00
# Visual Studio 15
VisualStudioVersion = 15.0.27703.2018
MinimumVisualStudioVersion = 10.0.40219.1
Project("{FAE04EC0-301F-11D3-BF4B-00C04F79EFBC}") = "MVCAlbum", "MVCAlbum\MVCAlbum.csproj", "{3DF2F0C0-FA6A-4358-A922-7DEA4EC7A0A8}"
EndProject
Global
	GlobalSection(SolutionConfigurationPlatforms) = preSolution
		Debug|Any CPU = Debug|Any CPU
		Release|Any CPU = Release|Any CPU
	EndGlobalSection
	GlobalSection(ProjectConfigurationPlatforms) = postSolution
		{3DF2F0C0-FA6A-4358-A922-7DEA4EC7A0A8}.Debug|Any CPU.ActiveCfg = Debug|Any CPU
		{3DF2F0C0-FA6A-4358-A922-7DEA4EC7A0A8}.Debug|Any CPU.Build.0 = Debug|Any CPU
		{3DF2F0C0-FA6A-4358-A922-7DEA4EC7A0A8}.Release|Any CPU.ActiveCfg = Release|Any CPU
		{3DF2F0C0-FA6A-4358-A922-7DEA4EC7A0A8}.Release|Any CPU.Build.0 = Release|Any CPU
	EndGlobalSection
	GlobalSection(SolutionProperties) = preSolution
		HideSolutionNode = FALSE
	EndGlobalSection
	GlobalSection(ExtensibilityGlobals) = postSolution
		SolutionGuid = {2C99B5EE-87E5-4964-8591-F90391B2EA74}
	EndGlobalSection
EndGlobal
